
Microsoft Visual Studio Solution File, Format Version 12.00
# Visual Studio Version 17
VisualStudioVersion = 17.7.34031.279
MinimumVisualStudioVersion = 10.0.40219.1
Project("{FAE04EC0-301F-11D3-BF4B-00C04F79EFBC}") = "StructureOOP", "StructureOOP\StructureOOP.csproj", "{07373082-3B4A-4173-A0D3-6C43C9F11930}"
EndProject
Global
	GlobalSection(SolutionConfigurationPlatforms) = preSolution
		Debug|Any CPU = Debug|Any CPU
		Release|Any CPU = Release|Any CPU
	EndGlobalSection
	GlobalSection(ProjectConfigurationPlatforms) = postSolution
		{07373082-3B4A-4173-A0D3-6C43C9F11930}.Debug|Any CPU.ActiveCfg = Debug|Any CPU
		{07373082-3B4A-4173-A0D3-6C43C9F11930}.Debug|Any CPU.Build.0 = Debug|Any CPU
		{07373082-3B4A-4173-A0D3-6C43C9F11930}.Release|Any CPU.ActiveCfg = Release|Any CPU
		{07373082-3B4A-4173-A0D3-6C43C9F11930}.Release|Any CPU.Build.0 = Release|Any CPU
	EndGlobalSection
	GlobalSection(SolutionProperties) = preSolution
		HideSolutionNode = FALSE
	EndGlobalSection
	GlobalSection(ExtensibilityGlobals) = postSolution
		SolutionGuid = {31A25FE7-30A0-4BCF-9D25-9F504FCEE033}
	EndGlobalSection
EndGlobal
